{
  "name": "bock",
  "version": "2.1.4",
  "lockfileVersion": 1,
  "requires": true,
  "dependencies": {
    "app-root-path": {
      "version": "3.0.0",
      "resolved": "https://registry.npmjs.org/app-root-path/-/app-root-path-3.0.0.tgz",
      "integrity": "sha512-qMcx+Gy2UZynHjOHOIXPNvpf+9cjvk3cWrBBK7zg4gH9+clobJRb9NGzcT7mQTcV/6Gm/1WelUtqxVXnNlrwcw=="
    },
    "hoy": {
      "version": "1.0.1",
      "resolved": "https://registry.npmjs.org/hoy/-/hoy-1.0.1.tgz",
      "integrity": "sha1-Ud4CbT9tBcMiD0827KJYC/xUFZ8="
    },
    "mvt": {
      "version": "4.0.0",
      "resolved": "https://registry.npmjs.org/mvt/-/mvt-4.0.0.tgz",
      "integrity": "sha512-weY/RziFVCVWrEHcesVCwJ6FctBmHBb/BKnoTEn4DB86c51f6TjTmtWcBdxRJS84viQU839wJK/+qUt+mi6RVQ==",
      "dev": true
    }
  }
}
